// !$*UTF8*$!
{
	archiveVersion = 1;
	classes = {
	};
	objectVersion = 56;
	objects = {

/* Begin PBXBuildFile section */
		AC15A4BF2BFC9F04007C7029 /* CameraService.swift in Sources */ = {isa = PBXBuildFile; fileRef = AC15A4BE2BFC9F04007C7029 /* CameraService.swift */; };
		AC15A4C12BFCA5DB007C7029 /* PokemonAPIDataSource.swift in Sources */ = {isa = PBXBuildFile; fileRef = AC15A4C02BFCA5DB007C7029 /* PokemonAPIDataSource.swift */; };
		AC15A4C82BFCB599007C7029 /* Pokemon.swift in Sources */ = {isa = PBXBuildFile; fileRef = AC15A4C72BFCB599007C7029 /* Pokemon.swift */; };
		AC15A4CC2BFCD65D007C7029 /* pokemonList+.swift in Sources */ = {isa = PBXBuildFile; fileRef = AC15A4CB2BFCD65D007C7029 /* pokemonList+.swift */; };
		AC15A4CF2BFCFD68007C7029 /* PokemonStore.xcdatamodeld in Sources */ = {isa = PBXBuildFile; fileRef = AC15A4CD2BFCFD68007C7029 /* PokemonStore.xcdatamodeld */; };
		AC15A4DC2BFD0584007C7029 /* PokemonDTO.swift in Sources */ = {isa = PBXBuildFile; fileRef = AC15A4DB2BFD0584007C7029 /* PokemonDTO.swift */; };
		AC15A4E32BFD061F007C7029 /* Repository.swift in Sources */ = {isa = PBXBuildFile; fileRef = AC15A4E12BFD061F007C7029 /* Repository.swift */; };
		AC15A4E92BFD0641007C7029 /* FetchAvailablePokemon.swift in Sources */ = {isa = PBXBuildFile; fileRef = AC15A4E72BFD0641007C7029 /* FetchAvailablePokemon.swift */; };
		AC15A4EB2BFD0BCA007C7029 /* SavePokemon.swift in Sources */ = {isa = PBXBuildFile; fileRef = AC15A4EA2BFD0BCA007C7029 /* SavePokemon.swift */; };
		AC15A4ED2BFD0BF1007C7029 /* Pokemon+.swift in Sources */ = {isa = PBXBuildFile; fileRef = AC15A4EC2BFD0BF1007C7029 /* Pokemon+.swift */; };
		AC1DF70F2BFC95E3001BEB15 /* AppDelegate.swift in Sources */ = {isa = PBXBuildFile; fileRef = AC1DF70E2BFC95E3001BEB15 /* AppDelegate.swift */; };
		AC1DF7112BFC95E3001BEB15 /* SceneDelegate.swift in Sources */ = {isa = PBXBuildFile; fileRef = AC1DF7102BFC95E3001BEB15 /* SceneDelegate.swift */; };
		AC1DF7132BFC95E3001BEB15 /* ViewController.swift in Sources */ = {isa = PBXBuildFile; fileRef = AC1DF7122BFC95E3001BEB15 /* ViewController.swift */; };
		AC1DF7182BFC95E5001BEB15 /* Assets.xcassets in Resources */ = {isa = PBXBuildFile; fileRef = AC1DF7172BFC95E5001BEB15 /* Assets.xcassets */; };
		AC1DF71B2BFC95E5001BEB15 /* Base in Resources */ = {isa = PBXBuildFile; fileRef = AC1DF71A2BFC95E5001BEB15 /* Base */; };
		AC6A4E402BFDC4320039B0E1 /* UpdatePokemon.swift in Sources */ = {isa = PBXBuildFile; fileRef = AC6A4E3F2BFDC4320039B0E1 /* UpdatePokemon.swift */; };
		AC6A4E432BFDC4800039B0E1 /* GetPokemon.swift in Sources */ = {isa = PBXBuildFile; fileRef = AC6A4E422BFDC4800039B0E1 /* GetPokemon.swift */; };
		AC6A4E452BFDCFCC0039B0E1 /* DeletePokemon.swift in Sources */ = {isa = PBXBuildFile; fileRef = AC6A4E442BFDCFCC0039B0E1 /* DeletePokemon.swift */; };
		E22A8311DBB31295406304CB /* Pods_PokeDeck.framework in Frameworks */ = {isa = PBXBuildFile; fileRef = 0DCC6E4706C3BA14564E170D /* Pods_PokeDeck.framework */; };
/* End PBXBuildFile section */

/* Begin PBXFileReference section */
		0DCC6E4706C3BA14564E170D /* Pods_PokeDeck.framework */ = {isa = PBXFileReference; explicitFileType = wrapper.framework; includeInIndex = 0; path = Pods_PokeDeck.framework; sourceTree = BUILT_PRODUCTS_DIR; };
		919B56D0979DBEC68223FDBE /* Pods-PokeDeck.release.xcconfig */ = {isa = PBXFileReference; includeInIndex = 1; lastKnownFileType = text.xcconfig; name = "Pods-PokeDeck.release.xcconfig"; path = "Target Support Files/Pods-PokeDeck/Pods-PokeDeck.release.xcconfig"; sourceTree = "<group>"; };
		AC15A4BE2BFC9F04007C7029 /* CameraService.swift */ = {isa = PBXFileReference; lastKnownFileType = sourcecode.swift; path = CameraService.swift; sourceTree = "<group>"; };
		AC15A4C02BFCA5DB007C7029 /* PokemonAPIDataSource.swift */ = {isa = PBXFileReference; lastKnownFileType = sourcecode.swift; path = PokemonAPIDataSource.swift; sourceTree = "<group>"; };
		AC15A4C72BFCB599007C7029 /* Pokemon.swift */ = {isa = PBXFileReference; lastKnownFileType = sourcecode.swift; path = Pokemon.swift; sourceTree = "<group>"; };
		AC15A4CB2BFCD65D007C7029 /* pokemonList+.swift */ = {isa = PBXFileReference; lastKnownFileType = sourcecode.swift; path = "pokemonList+.swift"; sourceTree = "<group>"; };
		AC15A4CE2BFCFD68007C7029 /* PokemonStore.xcdatamodel */ = {isa = PBXFileReference; lastKnownFileType = wrapper.xcdatamodel; path = PokemonStore.xcdatamodel; sourceTree = "<group>"; };
		AC15A4DB2BFD0584007C7029 /* PokemonDTO.swift */ = {isa = PBXFileReference; lastKnownFileType = sourcecode.swift; name = PokemonDTO.swift; path = PokeDeck/Domain/Entity/PokemonDTO.swift; sourceTree = SOURCE_ROOT; };
		AC15A4E12BFD061F007C7029 /* Repository.swift */ = {isa = PBXFileReference; fileEncoding = 4; lastKnownFileType = sourcecode.swift; path = Repository.swift; sourceTree = "<group>"; };
		AC15A4E72BFD0641007C7029 /* FetchAvailablePokemon.swift */ = {isa = PBXFileReference; fileEncoding = 4; lastKnownFileType = sourcecode.swift; path = FetchAvailablePokemon.swift; sourceTree = "<group>"; };
		AC15A4EA2BFD0BCA007C7029 /* SavePokemon.swift */ = {isa = PBXFileReference; lastKnownFileType = sourcecode.swift; path = SavePokemon.swift; sourceTree = "<group>"; };
		AC15A4EC2BFD0BF1007C7029 /* Pokemon+.swift */ = {isa = PBXFileReference; lastKnownFileType = sourcecode.swift; name = "Pokemon+.swift"; path = "PokeDeck/Core/Extension/Pokemon+.swift"; sourceTree = SOURCE_ROOT; };
		AC1DF70B2BFC95E3001BEB15 /* PokeDeck.app */ = {isa = PBXFileReference; explicitFileType = wrapper.application; includeInIndex = 0; path = PokeDeck.app; sourceTree = BUILT_PRODUCTS_DIR; };
		AC1DF70E2BFC95E3001BEB15 /* AppDelegate.swift */ = {isa = PBXFileReference; lastKnownFileType = sourcecode.swift; path = AppDelegate.swift; sourceTree = "<group>"; };
		AC1DF7102BFC95E3001BEB15 /* SceneDelegate.swift */ = {isa = PBXFileReference; lastKnownFileType = sourcecode.swift; path = SceneDelegate.swift; sourceTree = "<group>"; };
		AC1DF7122BFC95E3001BEB15 /* ViewController.swift */ = {isa = PBXFileReference; lastKnownFileType = sourcecode.swift; path = ViewController.swift; sourceTree = "<group>"; };
		AC1DF7172BFC95E5001BEB15 /* Assets.xcassets */ = {isa = PBXFileReference; lastKnownFileType = folder.assetcatalog; path = Assets.xcassets; sourceTree = "<group>"; };
		AC1DF71A2BFC95E5001BEB15 /* Base */ = {isa = PBXFileReference; lastKnownFileType = file.storyboard; name = Base; path = Base.lproj/LaunchScreen.storyboard; sourceTree = "<group>"; };
		AC1DF71C2BFC95E5001BEB15 /* Info.plist */ = {isa = PBXFileReference; lastKnownFileType = text.plist.xml; path = Info.plist; sourceTree = "<group>"; };
		AC6A4E3F2BFDC4320039B0E1 /* UpdatePokemon.swift */ = {isa = PBXFileReference; lastKnownFileType = sourcecode.swift; path = UpdatePokemon.swift; sourceTree = "<group>"; };
		AC6A4E422BFDC4800039B0E1 /* GetPokemon.swift */ = {isa = PBXFileReference; lastKnownFileType = sourcecode.swift; path = GetPokemon.swift; sourceTree = "<group>"; };
		AC6A4E442BFDCFCC0039B0E1 /* DeletePokemon.swift */ = {isa = PBXFileReference; lastKnownFileType = sourcecode.swift; path = DeletePokemon.swift; sourceTree = "<group>"; };
		DA6B0BCDED2456B1C64604D2 /* Pods-PokeDeck.debug.xcconfig */ = {isa = PBXFileReference; includeInIndex = 1; lastKnownFileType = text.xcconfig; name = "Pods-PokeDeck.debug.xcconfig"; path = "Target Support Files/Pods-PokeDeck/Pods-PokeDeck.debug.xcconfig"; sourceTree = "<group>"; };
/* End PBXFileReference section */

/* Begin PBXFrameworksBuildPhase section */
		AC1DF7082BFC95E3001BEB15 /* Frameworks */ = {
			isa = PBXFrameworksBuildPhase;
			buildActionMask = 2147483647;
			files = (
				E22A8311DBB31295406304CB /* Pods_PokeDeck.framework in Frameworks */,
			);
			runOnlyForDeploymentPostprocessing = 0;
		};
/* End PBXFrameworksBuildPhase section */

/* Begin PBXGroup section */
		404579FC5268F646AFA463DC /* Pods */ = {
			isa = PBXGroup;
			children = (
				DA6B0BCDED2456B1C64604D2 /* Pods-PokeDeck.debug.xcconfig */,
				919B56D0979DBEC68223FDBE /* Pods-PokeDeck.release.xcconfig */,
			);
			path = Pods;
			sourceTree = "<group>";
		};
		549427CFAC544E2D1E616DE3 /* Frameworks */ = {
			isa = PBXGroup;
			children = (
				0DCC6E4706C3BA14564E170D /* Pods_PokeDeck.framework */,
			);
			name = Frameworks;
			sourceTree = "<group>";
		};
		AC15A4BC2BFC9ED0007C7029 /* Core */ = {
			isa = PBXGroup;
			children = (
				AC15A4C92BFCD63A007C7029 /* Extension */,
				AC15A4BD2BFC9ED7007C7029 /* Utils */,
			);
			path = Core;
			sourceTree = "<group>";
		};
		AC15A4BD2BFC9ED7007C7029 /* Utils */ = {
			isa = PBXGroup;
			children = (
				AC15A4BE2BFC9F04007C7029 /* CameraService.swift */,
			);
			path = Utils;
			sourceTree = "<group>";
		};
		AC15A4C22BFCA848007C7029 /* Domain */ = {
			isa = PBXGroup;
			children = (
				AC15A4E82BFD0641007C7029 /* UseCase */,
				AC15A4C42BFCB540007C7029 /* Entity */,
			);
			path = Domain;
			sourceTree = "<group>";
		};
		AC15A4C32BFCA880007C7029 /* Data */ = {
			isa = PBXGroup;
			children = (
				AC15A4E22BFD061F007C7029 /* Repository */,
				AC15A4DD2BFD05F7007C7029 /* DataSources */,
			);
			path = Data;
			sourceTree = "<group>";
		};
		AC15A4C42BFCB540007C7029 /* Entity */ = {
			isa = PBXGroup;
			children = (
				AC15A4C72BFCB599007C7029 /* Pokemon.swift */,
				AC15A4DB2BFD0584007C7029 /* PokemonDTO.swift */,
			);
			path = Entity;
			sourceTree = "<group>";
		};
		AC15A4C52BFCB552007C7029 /* Deprecated */ = {
			isa = PBXGroup;
			children = (
				AC1DF7192BFC95E5001BEB15 /* LaunchScreen.storyboard */,
			);
			path = Deprecated;
			sourceTree = "<group>";
		};
		AC15A4C62BFCB56B007C7029 /* Config */ = {
			isa = PBXGroup;
			children = (
				AC1DF70E2BFC95E3001BEB15 /* AppDelegate.swift */,
				AC1DF7102BFC95E3001BEB15 /* SceneDelegate.swift */,
			);
			path = Config;
			sourceTree = "<group>";
		};
		AC15A4C92BFCD63A007C7029 /* Extension */ = {
			isa = PBXGroup;
			children = (
				AC15A4CB2BFCD65D007C7029 /* pokemonList+.swift */,
				AC15A4EC2BFD0BF1007C7029 /* Pokemon+.swift */,
			);
			path = Extension;
			sourceTree = "<group>";
		};
		AC15A4DD2BFD05F7007C7029 /* DataSources */ = {
			isa = PBXGroup;
			children = (
				AC15A4C02BFCA5DB007C7029 /* PokemonAPIDataSource.swift */,
			);
			path = DataSources;
			sourceTree = "<group>";
		};
		AC15A4E22BFD061F007C7029 /* Repository */ = {
			isa = PBXGroup;
			children = (
				AC15A4E12BFD061F007C7029 /* Repository.swift */,
			);
			name = Repository;
			path = PokeDeck/Data/Repository;
			sourceTree = SOURCE_ROOT;
		};
		AC15A4E82BFD0641007C7029 /* UseCase */ = {
			isa = PBXGroup;
			children = (
				AC15A4E72BFD0641007C7029 /* FetchAvailablePokemon.swift */,
				AC15A4EA2BFD0BCA007C7029 /* SavePokemon.swift */,
				AC6A4E3F2BFDC4320039B0E1 /* UpdatePokemon.swift */,
				AC6A4E422BFDC4800039B0E1 /* GetPokemon.swift */,
				AC6A4E442BFDCFCC0039B0E1 /* DeletePokemon.swift */,
			);
			name = UseCase;
			path = PokeDeck/Domain/UseCase;
			sourceTree = SOURCE_ROOT;
		};
		AC1DF7022BFC95E3001BEB15 = {
			isa = PBXGroup;
			children = (
				AC1DF70D2BFC95E3001BEB15 /* PokeDeck */,
				AC1DF70C2BFC95E3001BEB15 /* Products */,
				404579FC5268F646AFA463DC /* Pods */,
				549427CFAC544E2D1E616DE3 /* Frameworks */,
			);
			sourceTree = "<group>";
		};
		AC1DF70C2BFC95E3001BEB15 /* Products */ = {
			isa = PBXGroup;
			children = (
				AC1DF70B2BFC95E3001BEB15 /* PokeDeck.app */,
			);
			name = Products;
			sourceTree = "<group>";
		};
		AC1DF70D2BFC95E3001BEB15 /* PokeDeck */ = {
			isa = PBXGroup;
			children = (
				AC15A4C62BFCB56B007C7029 /* Config */,
				AC15A4C52BFCB552007C7029 /* Deprecated */,
				AC15A4C32BFCA880007C7029 /* Data */,
				AC15A4C22BFCA848007C7029 /* Domain */,
				AC15A4BC2BFC9ED0007C7029 /* Core */,
				AC1DF7122BFC95E3001BEB15 /* ViewController.swift */,
				AC1DF7172BFC95E5001BEB15 /* Assets.xcassets */,
				AC1DF71C2BFC95E5001BEB15 /* Info.plist */,
				AC15A4CD2BFCFD68007C7029 /* PokemonStore.xcdatamodeld */,
			);
			path = PokeDeck;
			sourceTree = "<group>";
		};
/* End PBXGroup section */

/* Begin PBXNativeTarget section */
		AC1DF70A2BFC95E3001BEB15 /* PokeDeck */ = {
			isa = PBXNativeTarget;
			buildConfigurationList = AC1DF71F2BFC95E5001BEB15 /* Build configuration list for PBXNativeTarget "PokeDeck" */;
			buildPhases = (
				D88973AD0D4B0916C647FAE4 /* [CP] Check Pods Manifest.lock */,
				AC1DF7072BFC95E3001BEB15 /* Sources */,
				AC1DF7082BFC95E3001BEB15 /* Frameworks */,
				AC1DF7092BFC95E3001BEB15 /* Resources */,
			);
			buildRules = (
			);
			dependencies = (
			);
			name = PokeDeck;
			productName = PokeDeck;
			productReference = AC1DF70B2BFC95E3001BEB15 /* PokeDeck.app */;
			productType = "com.apple.product-type.application";
		};
/* End PBXNativeTarget section */

/* Begin PBXProject section */
		AC1DF7032BFC95E3001BEB15 /* Project object */ = {
			isa = PBXProject;
			attributes = {
				BuildIndependentTargetsInParallel = 1;
				LastSwiftUpdateCheck = 1540;
				LastUpgradeCheck = 1540;
				TargetAttributes = {
					AC1DF70A2BFC95E3001BEB15 = {
						CreatedOnToolsVersion = 15.4;
					};
				};
			};
			buildConfigurationList = AC1DF7062BFC95E3001BEB15 /* Build configuration list for PBXProject "PokeDeck" */;
			compatibilityVersion = "Xcode 14.0";
			developmentRegion = en;
			hasScannedForEncodings = 0;
			knownRegions = (
				en,
				Base,
			);
			mainGroup = AC1DF7022BFC95E3001BEB15;
			productRefGroup = AC1DF70C2BFC95E3001BEB15 /* Products */;
			projectDirPath = "";
			projectRoot = "";
			targets = (
				AC1DF70A2BFC95E3001BEB15 /* PokeDeck */,
			);
		};
/* End PBXProject section */

/* Begin PBXResourcesBuildPhase section */
		AC1DF7092BFC95E3001BEB15 /* Resources */ = {
			isa = PBXResourcesBuildPhase;
			buildActionMask = 2147483647;
			files = (
				AC1DF7182BFC95E5001BEB15 /* Assets.xcassets in Resources */,
				AC1DF71B2BFC95E5001BEB15 /* Base in Resources */,
			);
			runOnlyForDeploymentPostprocessing = 0;
		};
/* End PBXResourcesBuildPhase section */

/* Begin PBXShellScriptBuildPhase section */
		D88973AD0D4B0916C647FAE4 /* [CP] Check Pods Manifest.lock */ = {
			isa = PBXShellScriptBuildPhase;
			buildActionMask = 2147483647;
			files = (
			);
			inputFileListPaths = (
			);
			inputPaths = (
				"${PODS_PODFILE_DIR_PATH}/Podfile.lock",
				"${PODS_ROOT}/Manifest.lock",
			);
			name = "[CP] Check Pods Manifest.lock";
			outputFileListPaths = (
			);
			outputPaths = (
				"$(DERIVED_FILE_DIR)/Pods-PokeDeck-checkManifestLockResult.txt",
			);
			runOnlyForDeploymentPostprocessing = 0;
			shellPath = /bin/sh;
			shellScript = "diff \"${PODS_PODFILE_DIR_PATH}/Podfile.lock\" \"${PODS_ROOT}/Manifest.lock\" > /dev/null\nif [ $? != 0 ] ; then\n    # print error to STDERR\n    echo \"error: The sandbox is not in sync with the Podfile.lock. Run 'pod install' or update your CocoaPods installation.\" >&2\n    exit 1\nfi\n# This output is used by Xcode 'outputs' to avoid re-running this script phase.\necho \"SUCCESS\" > \"${SCRIPT_OUTPUT_FILE_0}\"\n";
			showEnvVarsInLog = 0;
		};
/* End PBXShellScriptBuildPhase section */

/* Begin PBXSourcesBuildPhase section */
		AC1DF7072BFC95E3001BEB15 /* Sources */ = {
			isa = PBXSourcesBuildPhase;
			buildActionMask = 2147483647;
			files = (
				AC15A4EB2BFD0BCA007C7029 /* SavePokemon.swift in Sources */,
				AC15A4DC2BFD0584007C7029 /* PokemonDTO.swift in Sources */,
				AC15A4C12BFCA5DB007C7029 /* PokemonAPIDataSource.swift in Sources */,
				AC1DF7132BFC95E3001BEB15 /* ViewController.swift in Sources */,
				AC1DF70F2BFC95E3001BEB15 /* AppDelegate.swift in Sources */,
				AC6A4E432BFDC4800039B0E1 /* GetPokemon.swift in Sources */,
				AC15A4ED2BFD0BF1007C7029 /* Pokemon+.swift in Sources */,
				AC15A4C82BFCB599007C7029 /* Pokemon.swift in Sources */,
				AC15A4E92BFD0641007C7029 /* FetchAvailablePokemon.swift in Sources */,
				AC15A4CC2BFCD65D007C7029 /* pokemonList+.swift in Sources */,
				AC6A4E452BFDCFCC0039B0E1 /* DeletePokemon.swift in Sources */,
				AC1DF7112BFC95E3001BEB15 /* SceneDelegate.swift in Sources */,
				AC15A4E32BFD061F007C7029 /* Repository.swift in Sources */,
				AC15A4BF2BFC9F04007C7029 /* CameraService.swift in Sources */,
				AC6A4E402BFDC4320039B0E1 /* UpdatePokemon.swift in Sources */,
				AC15A4CF2BFCFD68007C7029 /* PokemonStore.xcdatamodeld in Sources */,
			);
			runOnlyForDeploymentPostprocessing = 0;
		};
/* End PBXSourcesBuildPhase section */

/* Begin PBXVariantGroup section */
		AC1DF7192BFC95E5001BEB15 /* LaunchScreen.storyboard */ = {
			isa = PBXVariantGroup;
			children = (
				AC1DF71A2BFC95E5001BEB15 /* Base */,
			);
			name = LaunchScreen.storyboard;
			sourceTree = "<group>";
		};
/* End PBXVariantGroup section */

/* Begin XCBuildConfiguration section */
		AC1DF71D2BFC95E5001BEB15 /* Debug */ = {
			isa = XCBuildConfiguration;
			buildSettings = {
				ALWAYS_SEARCH_USER_PATHS = NO;
				ASSETCATALOG_COMPILER_GENERATE_SWIFT_ASSET_SYMBOL_EXTENSIONS = YES;
				CLANG_ANALYZER_NONNULL = YES;
				CLANG_ANALYZER_NUMBER_OBJECT_CONVERSION = YES_AGGRESSIVE;
				CLANG_CXX_LANGUAGE_STANDARD = "gnu++20";
				CLANG_ENABLE_MODULES = YES;
				CLANG_ENABLE_OBJC_ARC = YES;
				CLANG_ENABLE_OBJC_WEAK = YES;
				CLANG_WARN_BLOCK_CAPTURE_AUTORELEASING = YES;
				CLANG_WARN_BOOL_CONVERSION = YES;
				CLANG_WARN_COMMA = YES;
				CLANG_WARN_CONSTANT_CONVERSION = YES;
				CLANG_WARN_DEPRECATED_OBJC_IMPLEMENTATIONS = YES;
				CLANG_WARN_DIRECT_OBJC_ISA_USAGE = YES_ERROR;
				CLANG_WARN_DOCUMENTATION_COMMENTS = YES;
				CLANG_WARN_EMPTY_BODY = YES;
				CLANG_WARN_ENUM_CONVERSION = YES;
				CLANG_WARN_INFINITE_RECURSION = YES;
				CLANG_WARN_INT_CONVERSION = YES;
				CLANG_WARN_NON_LITERAL_NULL_CONVERSION = YES;
				CLANG_WARN_OBJC_IMPLICIT_RETAIN_SELF = YES;
				CLANG_WARN_OBJC_LITERAL_CONVERSION = YES;
				CLANG_WARN_OBJC_ROOT_CLASS = YES_ERROR;
				CLANG_WARN_QUOTED_INCLUDE_IN_FRAMEWORK_HEADER = YES;
				CLANG_WARN_RANGE_LOOP_ANALYSIS = YES;
				CLANG_WARN_STRICT_PROTOTYPES = YES;
				CLANG_WARN_SUSPICIOUS_MOVE = YES;
				CLANG_WARN_UNGUARDED_AVAILABILITY = YES_AGGRESSIVE;
				CLANG_WARN_UNREACHABLE_CODE = YES;
				CLANG_WARN__DUPLICATE_METHOD_MATCH = YES;
				COPY_PHASE_STRIP = NO;
				DEBUG_INFORMATION_FORMAT = dwarf;
				ENABLE_STRICT_OBJC_MSGSEND = YES;
				ENABLE_TESTABILITY = YES;
				ENABLE_USER_SCRIPT_SANDBOXING = YES;
				GCC_C_LANGUAGE_STANDARD = gnu17;
				GCC_DYNAMIC_NO_PIC = NO;
				GCC_NO_COMMON_BLOCKS = YES;
				GCC_OPTIMIZATION_LEVEL = 0;
				GCC_PREPROCESSOR_DEFINITIONS = (
					"DEBUG=1",
					"$(inherited)",
				);
				GCC_WARN_64_TO_32_BIT_CONVERSION = YES;
				GCC_WARN_ABOUT_RETURN_TYPE = YES_ERROR;
				GCC_WARN_UNDECLARED_SELECTOR = YES;
				GCC_WARN_UNINITIALIZED_AUTOS = YES_AGGRESSIVE;
				GCC_WARN_UNUSED_FUNCTION = YES;
				GCC_WARN_UNUSED_VARIABLE = YES;
				IPHONEOS_DEPLOYMENT_TARGET = 16.0;
				LOCALIZATION_PREFERS_STRING_CATALOGS = YES;
				MTL_ENABLE_DEBUG_INFO = INCLUDE_SOURCE;
				MTL_FAST_MATH = YES;
				ONLY_ACTIVE_ARCH = YES;
				SDKROOT = iphoneos;
				SWIFT_ACTIVE_COMPILATION_CONDITIONS = "DEBUG $(inherited)";
				SWIFT_OPTIMIZATION_LEVEL = "-Onone";
			};
			name = Debug;
		};
		AC1DF71E2BFC95E5001BEB15 /* Release */ = {
			isa = XCBuildConfiguration;
			buildSettings = {
				ALWAYS_SEARCH_USER_PATHS = NO;
				ASSETCATALOG_COMPILER_GENERATE_SWIFT_ASSET_SYMBOL_EXTENSIONS = YES;
				CLANG_ANALYZER_NONNULL = YES;
				CLANG_ANALYZER_NUMBER_OBJECT_CONVERSION = YES_AGGRESSIVE;
				CLANG_CXX_LANGUAGE_STANDARD = "gnu++20";
				CLANG_ENABLE_MODULES = YES;
				CLANG_ENABLE_OBJC_ARC = YES;
				CLANG_ENABLE_OBJC_WEAK = YES;
				CLANG_WARN_BLOCK_CAPTURE_AUTORELEASING = YES;
				CLANG_WARN_BOOL_CONVERSION = YES;
				CLANG_WARN_COMMA = YES;
				CLANG_WARN_CONSTANT_CONVERSION = YES;
				CLANG_WARN_DEPRECATED_OBJC_IMPLEMENTATIONS = YES;
				CLANG_WARN_DIRECT_OBJC_ISA_USAGE = YES_ERROR;
				CLANG_WARN_DOCUMENTATION_COMMENTS = YES;
				CLANG_WARN_EMPTY_BODY = YES;
				CLANG_WARN_ENUM_CONVERSION = YES;
				CLANG_WARN_INFINITE_RECURSION = YES;
				CLANG_WARN_INT_CONVERSION = YES;
				CLANG_WARN_NON_LITERAL_NULL_CONVERSION = YES;
				CLANG_WARN_OBJC_IMPLICIT_RETAIN_SELF = YES;
				CLANG_WARN_OBJC_LITERAL_CONVERSION = YES;
				CLANG_WARN_OBJC_ROOT_CLASS = YES_ERROR;
				CLANG_WARN_QUOTED_INCLUDE_IN_FRAMEWORK_HEADER = YES;
				CLANG_WARN_RANGE_LOOP_ANALYSIS = YES;
				CLANG_WARN_STRICT_PROTOTYPES = YES;
				CLANG_WARN_SUSPICIOUS_MOVE = YES;
				CLANG_WARN_UNGUARDED_AVAILABILITY = YES_AGGRESSIVE;
				CLANG_WARN_UNREACHABLE_CODE = YES;
				CLANG_WARN__DUPLICATE_METHOD_MATCH = YES;
				COPY_PHASE_STRIP = NO;
				DEBUG_INFORMATION_FORMAT = "dwarf-with-dsym";
				ENABLE_NS_ASSERTIONS = NO;
				ENABLE_STRICT_OBJC_MSGSEND = YES;
				ENABLE_USER_SCRIPT_SANDBOXING = YES;
				GCC_C_LANGUAGE_STANDARD = gnu17;
				GCC_NO_COMMON_BLOCKS = YES;
				GCC_WARN_64_TO_32_BIT_CONVERSION = YES;
				GCC_WARN_ABOUT_RETURN_TYPE = YES_ERROR;
				GCC_WARN_UNDECLARED_SELECTOR = YES;
				GCC_WARN_UNINITIALIZED_AUTOS = YES_AGGRESSIVE;
				GCC_WARN_UNUSED_FUNCTION = YES;
				GCC_WARN_UNUSED_VARIABLE = YES;
				IPHONEOS_DEPLOYMENT_TARGET = 16.0;
				LOCALIZATION_PREFERS_STRING_CATALOGS = YES;
				MTL_ENABLE_DEBUG_INFO = NO;
				MTL_FAST_MATH = YES;
				SDKROOT = iphoneos;
				SWIFT_COMPILATION_MODE = wholemodule;
				VALIDATE_PRODUCT = YES;
			};
			name = Release;
		};
		AC1DF7202BFC95E5001BEB15 /* Debug */ = {
			isa = XCBuildConfiguration;
			baseConfigurationReference = DA6B0BCDED2456B1C64604D2 /* Pods-PokeDeck.debug.xcconfig */;
			buildSettings = {
				ASSETCATALOG_COMPILER_APPICON_NAME = AppIcon;
				ASSETCATALOG_COMPILER_GLOBAL_ACCENT_COLOR_NAME = AccentColor;
				CODE_SIGN_STYLE = Automatic;
				CURRENT_PROJECT_VERSION = 1;
				DEVELOPMENT_TEAM = 382VG5FRJK;
				GENERATE_INFOPLIST_FILE = YES;
				INFOPLIST_FILE = PokeDeck/Info.plist;
				INFOPLIST_KEY_UIApplicationSupportsIndirectInputEvents = YES;
				INFOPLIST_KEY_UILaunchStoryboardName = LaunchScreen;
				INFOPLIST_KEY_UIMainStoryboardFile = Main;
				INFOPLIST_KEY_UISupportedInterfaceOrientations_iPad = "UIInterfaceOrientationPortrait UIInterfaceOrientationPortraitUpsideDown UIInterfaceOrientationLandscapeLeft UIInterfaceOrientationLandscapeRight";
				INFOPLIST_KEY_UISupportedInterfaceOrientations_iPhone = "UIInterfaceOrientationPortrait UIInterfaceOrientationLandscapeLeft UIInterfaceOrientationLandscapeRight";
				IPHONEOS_DEPLOYMENT_TARGET = 16.0;
				LD_RUNPATH_SEARCH_PATHS = (
					"$(inherited)",
					"@executable_path/Frameworks",
				);
				MARKETING_VERSION = 1.0;
				PRODUCT_BUNDLE_IDENTIFIER = com.AA.PokeDeck;
				PRODUCT_NAME = "$(TARGET_NAME)";
				SWIFT_EMIT_LOC_STRINGS = YES;
				SWIFT_VERSION = 5.0;
				TARGETED_DEVICE_FAMILY = "1,2";
			};
			name = Debug;
		};
		AC1DF7212BFC95E5001BEB15 /* Release */ = {
			isa = XCBuildConfiguration;
			baseConfigurationReference = 919B56D0979DBEC68223FDBE /* Pods-PokeDeck.release.xcconfig */;
			buildSettings = {
				ASSETCATALOG_COMPILER_APPICON_NAME = AppIcon;
				ASSETCATALOG_COMPILER_GLOBAL_ACCENT_COLOR_NAME = AccentColor;
				CODE_SIGN_STYLE = Automatic;
				CURRENT_PROJECT_VERSION = 1;
				DEVELOPMENT_TEAM = 382VG5FRJK;
				GENERATE_INFOPLIST_FILE = YES;
				INFOPLIST_FILE = PokeDeck/Info.plist;
				INFOPLIST_KEY_UIApplicationSupportsIndirectInputEvents = YES;
				INFOPLIST_KEY_UILaunchStoryboardName = LaunchScreen;
				INFOPLIST_KEY_UIMainStoryboardFile = Main;
				INFOPLIST_KEY_UISupportedInterfaceOrientations_iPad = "UIInterfaceOrientationPortrait UIInterfaceOrientationPortraitUpsideDown UIInterfaceOrientationLandscapeLeft UIInterfaceOrientationLandscapeRight";
				INFOPLIST_KEY_UISupportedInterfaceOrientations_iPhone = "UIInterfaceOrientationPortrait UIInterfaceOrientationLandscapeLeft UIInterfaceOrientationLandscapeRight";
				IPHONEOS_DEPLOYMENT_TARGET = 16.0;
				LD_RUNPATH_SEARCH_PATHS = (
					"$(inherited)",
					"@executable_path/Frameworks",
				);
				MARKETING_VERSION = 1.0;
				PRODUCT_BUNDLE_IDENTIFIER = com.AA.PokeDeck;
				PRODUCT_NAME = "$(TARGET_NAME)";
				SWIFT_EMIT_LOC_STRINGS = YES;
				SWIFT_VERSION = 5.0;
				TARGETED_DEVICE_FAMILY = "1,2";
			};
			name = Release;
		};
/* End XCBuildConfiguration section */

/* Begin XCConfigurationList section */
		AC1DF7062BFC95E3001BEB15 /* Build configuration list for PBXProject "PokeDeck" */ = {
			isa = XCConfigurationList;
			buildConfigurations = (
				AC1DF71D2BFC95E5001BEB15 /* Debug */,
				AC1DF71E2BFC95E5001BEB15 /* Release */,
			);
			defaultConfigurationIsVisible = 0;
			defaultConfigurationName = Release;
		};
		AC1DF71F2BFC95E5001BEB15 /* Build configuration list for PBXNativeTarget "PokeDeck" */ = {
			isa = XCConfigurationList;
			buildConfigurations = (
				AC1DF7202BFC95E5001BEB15 /* Debug */,
				AC1DF7212BFC95E5001BEB15 /* Release */,
			);
			defaultConfigurationIsVisible = 0;
			defaultConfigurationName = Release;
		};
/* End XCConfigurationList section */

/* Begin XCVersionGroup section */
		AC15A4CD2BFCFD68007C7029 /* PokemonStore.xcdatamodeld */ = {
			isa = XCVersionGroup;
			children = (
				AC15A4CE2BFCFD68007C7029 /* PokemonStore.xcdatamodel */,
			);
			currentVersion = AC15A4CE2BFCFD68007C7029 /* PokemonStore.xcdatamodel */;
			path = PokemonStore.xcdatamodeld;
			sourceTree = "<group>";
			versionGroupType = wrapper.xcdatamodel;
		};
/* End XCVersionGroup section */
	};
	rootObject = AC1DF7032BFC95E3001BEB15 /* Project object */;
}
